
Microsoft Visual Studio Solution File, Format Version 12.00
# Visual Studio Version 16
VisualStudioVersion = 16.0.31321.278
MinimumVisualStudioVersion = 10.0.40219.1
Project("{8BC9CEB8-8B4A-11D0-8D11-00A0C91BC942}") = "Transgerbeur", "Transgerbeur\Transgerbeur.vcxproj", "{73BE2230-CEA2-4BA7-A402-CEEB2D35E96C}"
EndProject
Project("{8BC9CEB8-8B4A-11D0-8D11-00A0C91BC942}") = "GestionEmployes", "GestionEmployes\GestionEmployes.vcxproj", "{0FE07556-3EC4-4F75-8477-3B60550A411B}"
EndProject
Project("{8BC9CEB8-8B4A-11D0-8D11-00A0C91BC942}") = "RGB", "RGB\RGB.vcxproj", "{75429DA8-BB3B-41CD-B43E-1E4214E13B93}"
EndProject
Global
	GlobalSection(SolutionConfigurationPlatforms) = preSolution
		Debug|x64 = Debug|x64
		Debug|x86 = Debug|x86
		Release|x64 = Release|x64
		Release|x86 = Release|x86
	EndGlobalSection
	GlobalSection(ProjectConfigurationPlatforms) = postSolution
		{73BE2230-CEA2-4BA7-A402-CEEB2D35E96C}.Debug|x64.ActiveCfg = Debug|x64
		{73BE2230-CEA2-4BA7-A402-CEEB2D35E96C}.Debug|x64.Build.0 = Debug|x64
		{73BE2230-CEA2-4BA7-A402-CEEB2D35E96C}.Debug|x86.ActiveCfg = Debug|Win32
		{73BE2230-CEA2-4BA7-A402-CEEB2D35E96C}.Debug|x86.Build.0 = Debug|Win32
		{73BE2230-CEA2-4BA7-A402-CEEB2D35E96C}.Release|x64.ActiveCfg = Release|x64
		{73BE2230-CEA2-4BA7-A402-CEEB2D35E96C}.Release|x64.Build.0 = Release|x64
		{73BE2230-CEA2-4BA7-A402-CEEB2D35E96C}.Release|x86.ActiveCfg = Release|Win32
		{73BE2230-CEA2-4BA7-A402-CEEB2D35E96C}.Release|x86.Build.0 = Release|Win32
		{0FE07556-3EC4-4F75-8477-3B60550A411B}.Debug|x64.ActiveCfg = Debug|x64
		{0FE07556-3EC4-4F75-8477-3B60550A411B}.Debug|x64.Build.0 = Debug|x64
		{0FE07556-3EC4-4F75-8477-3B60550A411B}.Debug|x86.ActiveCfg = Debug|Win32
		{0FE07556-3EC4-4F75-8477-3B60550A411B}.Debug|x86.Build.0 = Debug|Win32
		{0FE07556-3EC4-4F75-8477-3B60550A411B}.Release|x64.ActiveCfg = Release|x64
		{0FE07556-3EC4-4F75-8477-3B60550A411B}.Release|x64.Build.0 = Release|x64
		{0FE07556-3EC4-4F75-8477-3B60550A411B}.Release|x86.ActiveCfg = Release|Win32
		{0FE07556-3EC4-4F75-8477-3B60550A411B}.Release|x86.Build.0 = Release|Win32
		{75429DA8-BB3B-41CD-B43E-1E4214E13B93}.Debug|x64.ActiveCfg = Debug|x64
		{75429DA8-BB3B-41CD-B43E-1E4214E13B93}.Debug|x64.Build.0 = Debug|x64
		{75429DA8-BB3B-41CD-B43E-1E4214E13B93}.Debug|x86.ActiveCfg = Debug|Win32
		{75429DA8-BB3B-41CD-B43E-1E4214E13B93}.Debug|x86.Build.0 = Debug|Win32
		{75429DA8-BB3B-41CD-B43E-1E4214E13B93}.Release|x64.ActiveCfg = Release|x64
		{75429DA8-BB3B-41CD-B43E-1E4214E13B93}.Release|x64.Build.0 = Release|x64
		{75429DA8-BB3B-41CD-B43E-1E4214E13B93}.Release|x86.ActiveCfg = Release|Win32
		{75429DA8-BB3B-41CD-B43E-1E4214E13B93}.Release|x86.Build.0 = Release|Win32
	EndGlobalSection
	GlobalSection(SolutionProperties) = preSolution
		HideSolutionNode = FALSE
	EndGlobalSection
	GlobalSection(ExtensibilityGlobals) = postSolution
		SolutionGuid = {5C3BA83D-56E5-4478-A4B0-69110D60B931}
	EndGlobalSection
EndGlobal
